
Microsoft Visual Studio Solution File, Format Version 12.00
# Visual Studio Version 17
VisualStudioVersion = 17.8.34408.163
MinimumVisualStudioVersion = 10.0.40219.1
Project("{9A19103F-16F7-4668-BE54-9A1E7A4F7556}") = "Practica2", "Practica2.csproj", "{042EB080-4919-4D6D-820D-79A0B8D12648}"
EndProject
Project("{2150E333-8FDC-42A3-9474-1A3956D46DE8}") = "Elementos de la solución", "Elementos de la solución", "{9633115B-90DA-4304-960D-6DD8EFA1728A}"
EndProject
Global
	GlobalSection(SolutionConfigurationPlatforms) = preSolution
		Debug|Any CPU = Debug|Any CPU
		Release|Any CPU = Release|Any CPU
	EndGlobalSection
	GlobalSection(ProjectConfigurationPlatforms) = postSolution
		{042EB080-4919-4D6D-820D-79A0B8D12648}.Debug|Any CPU.ActiveCfg = Debug|Any CPU
		{042EB080-4919-4D6D-820D-79A0B8D12648}.Debug|Any CPU.Build.0 = Debug|Any CPU
		{042EB080-4919-4D6D-820D-79A0B8D12648}.Release|Any CPU.ActiveCfg = Release|Any CPU
		{042EB080-4919-4D6D-820D-79A0B8D12648}.Release|Any CPU.Build.0 = Release|Any CPU
	EndGlobalSection
	GlobalSection(SolutionProperties) = preSolution
		HideSolutionNode = FALSE
	EndGlobalSection
	GlobalSection(ExtensibilityGlobals) = postSolution
		SolutionGuid = {925C7ED0-115C-4AF6-B33B-190C4182A225}
	EndGlobalSection
EndGlobal
